
Microsoft Visual Studio Solution File, Format Version 12.00
# Visual Studio Version 16
VisualStudioVersion = 25.0.1703.8
MinimumVisualStudioVersion = 10.0.40219.1
Project("{FAE04EC0-301F-11D3-BF4B-00C04F79EFBC}") = "ApacheKafkaApp", "ApacheKafkaApp.csproj", "{4720713B-DE52-4B87-9FFC-185AE8204343}"
EndProject
Global
	GlobalSection(SolutionConfigurationPlatforms) = preSolution
		Debug|Any CPU = Debug|Any CPU
		Release|Any CPU = Release|Any CPU
	EndGlobalSection
	GlobalSection(ProjectConfigurationPlatforms) = postSolution
		{4720713B-DE52-4B87-9FFC-185AE8204343}.Debug|Any CPU.ActiveCfg = Debug|Any CPU
		{4720713B-DE52-4B87-9FFC-185AE8204343}.Debug|Any CPU.Build.0 = Debug|Any CPU
		{4720713B-DE52-4B87-9FFC-185AE8204343}.Release|Any CPU.ActiveCfg = Release|Any CPU
		{4720713B-DE52-4B87-9FFC-185AE8204343}.Release|Any CPU.Build.0 = Release|Any CPU
	EndGlobalSection
	GlobalSection(SolutionProperties) = preSolution
		HideSolutionNode = FALSE
	EndGlobalSection
	GlobalSection(ExtensibilityGlobals) = postSolution
		SolutionGuid = {20026D79-10A6-4E15-8A54-E98AAF71CA8A}
	EndGlobalSection
EndGlobal
